
Microsoft Visual Studio Solution File, Format Version 12.00
# Visual Studio Version 17
VisualStudioVersion = 17.7.34031.279
MinimumVisualStudioVersion = 10.0.40219.1
Project("{8BC9CEB8-8B4A-11D0-8D11-00A0C91BC942}") = "lf3", "lf3\lf3.vcxproj", "{E7613BF6-F6A2-47E3-9BB3-58F9553A8A0C}"
EndProject
Project("{8BC9CEB8-8B4A-11D0-8D11-00A0C91BC942}") = "lf4", "lf4\lf4.vcxproj", "{FDC2749C-C67D-49C0-882B-A82E23DB6C12}"
EndProject
Project("{8BC9CEB8-8B4A-11D0-8D11-00A0C91BC942}") = "lf12", "lf12\lf12.vcxproj", "{0D432AE1-192F-437E-A194-7C60026583E7}"
EndProject
Project("{8BC9CEB8-8B4A-11D0-8D11-00A0C91BC942}") = "lf13", "lf13\lf13.vcxproj", "{11F5FCAA-A591-4324-BA7B-C055BC48D2AD}"
EndProject
Project("{8BC9CEB8-8B4A-11D0-8D11-00A0C91BC942}") = "lf14", "lf14\lf14.vcxproj", "{B2EFA759-0544-4ED2-9F1F-244F6C407B91}"
EndProject
Project("{8BC9CEB8-8B4A-11D0-8D11-00A0C91BC942}") = "lf15", "lf15\lf15.vcxproj", "{0EE0C2E9-422E-4BB6-BBE5-F3E0881ECF8E}"
EndProject
Project("{8BC9CEB8-8B4A-11D0-8D11-00A0C91BC942}") = "lf24", "lf24\lf24.vcxproj", "{029A20D9-06AE-4748-8ADE-CADBD8EF3320}"
EndProject
Project("{8BC9CEB8-8B4A-11D0-8D11-00A0C91BC942}") = "lf26", "lf26\lf26.vcxproj", "{ED28BEBC-1DC5-4F57-8549-EF733D2FF165}"
EndProject
Project("{8BC9CEB8-8B4A-11D0-8D11-00A0C91BC942}") = "lf30", "lf30\lf30.vcxproj", "{AB597426-C8D7-4088-8237-39D0BD3A9066}"
EndProject
Global
	GlobalSection(SolutionConfigurationPlatforms) = preSolution
		Debug|x64 = Debug|x64
		Debug|x86 = Debug|x86
		Release|x64 = Release|x64
		Release|x86 = Release|x86
	EndGlobalSection
	GlobalSection(ProjectConfigurationPlatforms) = postSolution
		{E7613BF6-F6A2-47E3-9BB3-58F9553A8A0C}.Debug|x64.ActiveCfg = Debug|x64
		{E7613BF6-F6A2-47E3-9BB3-58F9553A8A0C}.Debug|x64.Build.0 = Debug|x64
		{E7613BF6-F6A2-47E3-9BB3-58F9553A8A0C}.Debug|x86.ActiveCfg = Debug|Win32
		{E7613BF6-F6A2-47E3-9BB3-58F9553A8A0C}.Debug|x86.Build.0 = Debug|Win32
		{E7613BF6-F6A2-47E3-9BB3-58F9553A8A0C}.Release|x64.ActiveCfg = Release|x64
		{E7613BF6-F6A2-47E3-9BB3-58F9553A8A0C}.Release|x64.Build.0 = Release|x64
		{E7613BF6-F6A2-47E3-9BB3-58F9553A8A0C}.Release|x86.ActiveCfg = Release|Win32
		{E7613BF6-F6A2-47E3-9BB3-58F9553A8A0C}.Release|x86.Build.0 = Release|Win32
		{FDC2749C-C67D-49C0-882B-A82E23DB6C12}.Debug|x64.ActiveCfg = Debug|x64
		{FDC2749C-C67D-49C0-882B-A82E23DB6C12}.Debug|x64.Build.0 = Debug|x64
		{FDC2749C-C67D-49C0-882B-A82E23DB6C12}.Debug|x86.ActiveCfg = Debug|Win32
		{FDC2749C-C67D-49C0-882B-A82E23DB6C12}.Debug|x86.Build.0 = Debug|Win32
		{FDC2749C-C67D-49C0-882B-A82E23DB6C12}.Release|x64.ActiveCfg = Release|x64
		{FDC2749C-C67D-49C0-882B-A82E23DB6C12}.Release|x64.Build.0 = Release|x64
		{FDC2749C-C67D-49C0-882B-A82E23DB6C12}.Release|x86.ActiveCfg = Release|Win32
		{FDC2749C-C67D-49C0-882B-A82E23DB6C12}.Release|x86.Build.0 = Release|Win32
		{0D432AE1-192F-437E-A194-7C60026583E7}.Debug|x64.ActiveCfg = Debug|x64
		{0D432AE1-192F-437E-A194-7C60026583E7}.Debug|x64.Build.0 = Debug|x64
		{0D432AE1-192F-437E-A194-7C60026583E7}.Debug|x86.ActiveCfg = Debug|Win32
		{0D432AE1-192F-437E-A194-7C60026583E7}.Debug|x86.Build.0 = Debug|Win32
		{0D432AE1-192F-437E-A194-7C60026583E7}.Release|x64.ActiveCfg = Release|x64
		{0D432AE1-192F-437E-A194-7C60026583E7}.Release|x64.Build.0 = Release|x64
		{0D432AE1-192F-437E-A194-7C60026583E7}.Release|x86.ActiveCfg = Release|Win32
		{0D432AE1-192F-437E-A194-7C60026583E7}.Release|x86.Build.0 = Release|Win32
		{11F5FCAA-A591-4324-BA7B-C055BC48D2AD}.Debug|x64.ActiveCfg = Debug|x64
		{11F5FCAA-A591-4324-BA7B-C055BC48D2AD}.Debug|x64.Build.0 = Debug|x64
		{11F5FCAA-A591-4324-BA7B-C055BC48D2AD}.Debug|x86.ActiveCfg = Debug|Win32
		{11F5FCAA-A591-4324-BA7B-C055BC48D2AD}.Debug|x86.Build.0 = Debug|Win32
		{11F5FCAA-A591-4324-BA7B-C055BC48D2AD}.Release|x64.ActiveCfg = Release|x64
		{11F5FCAA-A591-4324-BA7B-C055BC48D2AD}.Release|x64.Build.0 = Release|x64
		{11F5FCAA-A591-4324-BA7B-C055BC48D2AD}.Release|x86.ActiveCfg = Release|Win32
		{11F5FCAA-A591-4324-BA7B-C055BC48D2AD}.Release|x86.Build.0 = Release|Win32
		{B2EFA759-0544-4ED2-9F1F-244F6C407B91}.Debug|x64.ActiveCfg = Debug|x64
		{B2EFA759-0544-4ED2-9F1F-244F6C407B91}.Debug|x64.Build.0 = Debug|x64
		{B2EFA759-0544-4ED2-9F1F-244F6C407B91}.Debug|x86.ActiveCfg = Debug|Win32
		{B2EFA759-0544-4ED2-9F1F-244F6C407B91}.Debug|x86.Build.0 = Debug|Win32
		{B2EFA759-0544-4ED2-9F1F-244F6C407B91}.Release|x64.ActiveCfg = Release|x64
		{B2EFA759-0544-4ED2-9F1F-244F6C407B91}.Release|x64.Build.0 = Release|x64
		{B2EFA759-0544-4ED2-9F1F-244F6C407B91}.Release|x86.ActiveCfg = Release|Win32
		{B2EFA759-0544-4ED2-9F1F-244F6C407B91}.Release|x86.Build.0 = Release|Win32
		{0EE0C2E9-422E-4BB6-BBE5-F3E0881ECF8E}.Debug|x64.ActiveCfg = Debug|x64
		{0EE0C2E9-422E-4BB6-BBE5-F3E0881ECF8E}.Debug|x64.Build.0 = Debug|x64
		{0EE0C2E9-422E-4BB6-BBE5-F3E0881ECF8E}.Debug|x86.ActiveCfg = Debug|Win32
		{0EE0C2E9-422E-4BB6-BBE5-F3E0881ECF8E}.Debug|x86.Build.0 = Debug|Win32
		{0EE0C2E9-422E-4BB6-BBE5-F3E0881ECF8E}.Release|x64.ActiveCfg = Release|x64
		{0EE0C2E9-422E-4BB6-BBE5-F3E0881ECF8E}.Release|x64.Build.0 = Release|x64
		{0EE0C2E9-422E-4BB6-BBE5-F3E0881ECF8E}.Release|x86.ActiveCfg = Release|Win32
		{0EE0C2E9-422E-4BB6-BBE5-F3E0881ECF8E}.Release|x86.Build.0 = Release|Win32
		{029A20D9-06AE-4748-8ADE-CADBD8EF3320}.Debug|x64.ActiveCfg = Debug|x64
		{029A20D9-06AE-4748-8ADE-CADBD8EF3320}.Debug|x64.Build.0 = Debug|x64
		{029A20D9-06AE-4748-8ADE-CADBD8EF3320}.Debug|x86.ActiveCfg = Debug|Win32
		{029A20D9-06AE-4748-8ADE-CADBD8EF3320}.Debug|x86.Build.0 = Debug|Win32
		{029A20D9-06AE-4748-8ADE-CADBD8EF3320}.Release|x64.ActiveCfg = Release|x64
		{029A20D9-06AE-4748-8ADE-CADBD8EF3320}.Release|x64.Build.0 = Release|x64
		{029A20D9-06AE-4748-8ADE-CADBD8EF3320}.Release|x86.ActiveCfg = Release|Win32
		{029A20D9-06AE-4748-8ADE-CADBD8EF3320}.Release|x86.Build.0 = Release|Win32
		{ED28BEBC-1DC5-4F57-8549-EF733D2FF165}.Debug|x64.ActiveCfg = Debug|x64
		{ED28BEBC-1DC5-4F57-8549-EF733D2FF165}.Debug|x64.Build.0 = Debug|x64
		{ED28BEBC-1DC5-4F57-8549-EF733D2FF165}.Debug|x86.ActiveCfg = Debug|Win32
		{ED28BEBC-1DC5-4F57-8549-EF733D2FF165}.Debug|x86.Build.0 = Debug|Win32
		{ED28BEBC-1DC5-4F57-8549-EF733D2FF165}.Release|x64.ActiveCfg = Release|x64
		{ED28BEBC-1DC5-4F57-8549-EF733D2FF165}.Release|x64.Build.0 = Release|x64
		{ED28BEBC-1DC5-4F57-8549-EF733D2FF165}.Release|x86.ActiveCfg = Release|Win32
		{ED28BEBC-1DC5-4F57-8549-EF733D2FF165}.Release|x86.Build.0 = Release|Win32
		{AB597426-C8D7-4088-8237-39D0BD3A9066}.Debug|x64.ActiveCfg = Debug|x64
		{AB597426-C8D7-4088-8237-39D0BD3A9066}.Debug|x64.Build.0 = Debug|x64
		{AB597426-C8D7-4088-8237-39D0BD3A9066}.Debug|x86.ActiveCfg = Debug|Win32
		{AB597426-C8D7-4088-8237-39D0BD3A9066}.Debug|x86.Build.0 = Debug|Win32
		{AB597426-C8D7-4088-8237-39D0BD3A9066}.Release|x64.ActiveCfg = Release|x64
		{AB597426-C8D7-4088-8237-39D0BD3A9066}.Release|x64.Build.0 = Release|x64
		{AB597426-C8D7-4088-8237-39D0BD3A9066}.Release|x86.ActiveCfg = Release|Win32
		{AB597426-C8D7-4088-8237-39D0BD3A9066}.Release|x86.Build.0 = Release|Win32
	EndGlobalSection
	GlobalSection(SolutionProperties) = preSolution
		HideSolutionNode = FALSE
	EndGlobalSection
	GlobalSection(ExtensibilityGlobals) = postSolution
		SolutionGuid = {F815BE7B-CF21-4732-B99E-D766477DF626}
	EndGlobalSection
EndGlobal
